
Microsoft Visual Studio Solution File, Format Version 12.00
# Visual Studio Version 16
VisualStudioVersion = 16.0.32602.291
MinimumVisualStudioVersion = 10.0.40219.1
Project("{FAE04EC0-301F-11D3-BF4B-00C04F79EFBC}") = "Asp-Practise_", "Asp-Practise_\Asp-Practise_.csproj", "{DEFD3DC8-1E63-4757-9455-4CC90DD08661}"
EndProject
Global
	GlobalSection(SolutionConfigurationPlatforms) = preSolution
		Debug|Any CPU = Debug|Any CPU
		Release|Any CPU = Release|Any CPU
	EndGlobalSection
	GlobalSection(ProjectConfigurationPlatforms) = postSolution
		{DEFD3DC8-1E63-4757-9455-4CC90DD08661}.Debug|Any CPU.ActiveCfg = Debug|Any CPU
		{DEFD3DC8-1E63-4757-9455-4CC90DD08661}.Debug|Any CPU.Build.0 = Debug|Any CPU
		{DEFD3DC8-1E63-4757-9455-4CC90DD08661}.Release|Any CPU.ActiveCfg = Release|Any CPU
		{DEFD3DC8-1E63-4757-9455-4CC90DD08661}.Release|Any CPU.Build.0 = Release|Any CPU
	EndGlobalSection
	GlobalSection(SolutionProperties) = preSolution
		HideSolutionNode = FALSE
	EndGlobalSection
	GlobalSection(ExtensibilityGlobals) = postSolution
		SolutionGuid = {A32A464C-82E8-4325-B1EE-78C2385FF220}
	EndGlobalSection
EndGlobal
